
Microsoft Visual Studio Solution File, Format Version 12.00
# Visual Studio 15
VisualStudioVersion = 15.0.28010.2048
MinimumVisualStudioVersion = 10.0.40219.1
Project("{FAE04EC0-301F-11D3-BF4B-00C04F79EFBC}") = "AvtoPoiskTestApp.Services", "AvtoPoiskTestApp.Services\AvtoPoiskTestApp.Services.csproj", "{B6879516-1274-4E80-8502-FE79E672D8CC}"
EndProject
Project("{FAE04EC0-301F-11D3-BF4B-00C04F79EFBC}") = "AvtoPoiskTestApp.Models", "AvtoPoiskTestApp.Models\AvtoPoiskTestApp.Models.csproj", "{EF49F2A7-9511-496A-9C8D-CA2DEE0801B2}"
EndProject
Project("{FAE04EC0-301F-11D3-BF4B-00C04F79EFBC}") = "AvtoPoiskTestApp.Tests", "AvtoPoiskTestApp.Tests\AvtoPoiskTestApp.Tests.csproj", "{12F1FCE9-CED6-47E1-B8D1-5BF71E9F3239}"
EndProject
Project("{FAE04EC0-301F-11D3-BF4B-00C04F79EFBC}") = "AvtoPoiskTestApp.Wcf", "AvtoPoiskTestApp.Wcf\AvtoPoiskTestApp.Wcf.csproj", "{11C36982-F796-4E9A-8BA1-0C45ABDB33B1}"
EndProject
Global
	GlobalSection(SolutionConfigurationPlatforms) = preSolution
		Debug|Any CPU = Debug|Any CPU
		Release|Any CPU = Release|Any CPU
	EndGlobalSection
	GlobalSection(ProjectConfigurationPlatforms) = postSolution
		{B6879516-1274-4E80-8502-FE79E672D8CC}.Debug|Any CPU.ActiveCfg = Debug|Any CPU
		{B6879516-1274-4E80-8502-FE79E672D8CC}.Debug|Any CPU.Build.0 = Debug|Any CPU
		{B6879516-1274-4E80-8502-FE79E672D8CC}.Release|Any CPU.ActiveCfg = Release|Any CPU
		{B6879516-1274-4E80-8502-FE79E672D8CC}.Release|Any CPU.Build.0 = Release|Any CPU
		{EF49F2A7-9511-496A-9C8D-CA2DEE0801B2}.Debug|Any CPU.ActiveCfg = Debug|Any CPU
		{EF49F2A7-9511-496A-9C8D-CA2DEE0801B2}.Debug|Any CPU.Build.0 = Debug|Any CPU
		{EF49F2A7-9511-496A-9C8D-CA2DEE0801B2}.Release|Any CPU.ActiveCfg = Release|Any CPU
		{EF49F2A7-9511-496A-9C8D-CA2DEE0801B2}.Release|Any CPU.Build.0 = Release|Any CPU
		{12F1FCE9-CED6-47E1-B8D1-5BF71E9F3239}.Debug|Any CPU.ActiveCfg = Debug|Any CPU
		{12F1FCE9-CED6-47E1-B8D1-5BF71E9F3239}.Debug|Any CPU.Build.0 = Debug|Any CPU
		{12F1FCE9-CED6-47E1-B8D1-5BF71E9F3239}.Release|Any CPU.ActiveCfg = Release|Any CPU
		{12F1FCE9-CED6-47E1-B8D1-5BF71E9F3239}.Release|Any CPU.Build.0 = Release|Any CPU
		{11C36982-F796-4E9A-8BA1-0C45ABDB33B1}.Debug|Any CPU.ActiveCfg = Debug|Any CPU
		{11C36982-F796-4E9A-8BA1-0C45ABDB33B1}.Debug|Any CPU.Build.0 = Debug|Any CPU
		{11C36982-F796-4E9A-8BA1-0C45ABDB33B1}.Release|Any CPU.ActiveCfg = Release|Any CPU
		{11C36982-F796-4E9A-8BA1-0C45ABDB33B1}.Release|Any CPU.Build.0 = Release|Any CPU
	EndGlobalSection
	GlobalSection(SolutionProperties) = preSolution
		HideSolutionNode = FALSE
	EndGlobalSection
	GlobalSection(ExtensibilityGlobals) = postSolution
		SolutionGuid = {2DFAB31F-D4CD-4E33-9E64-A9F4C00215A4}
	EndGlobalSection
EndGlobal
